
Microsoft Visual Studio Solution File, Format Version 12.00
# Visual Studio Version 16
VisualStudioVersion = 16.0.29324.140
MinimumVisualStudioVersion = 10.0.40219.1
Project("{FAE04EC0-301F-11D3-BF4B-00C04F79EFBC}") = "第一章(创建一个PDF）", "第一章\第一章(创建一个PDF）.csproj", "{B7C3871D-9BF7-4B60-AE5A-C08F998D95AD}"
EndProject
Project("{FAE04EC0-301F-11D3-BF4B-00C04F79EFBC}") = "第二章(块语句和段落)", "第二章(块语句和段落)\第二章(块语句和段落).csproj", "{86C48B64-376B-421E-8286-DC56BF1BF429}"
EndProject
Project("{FAE04EC0-301F-11D3-BF4B-00C04F79EFBC}") = "第三章(锚点，列表，注释)", "第三章(锚点，列表，注释)\第三章(锚点，列表，注释).csproj", "{00B65325-AEB8-4A91-B3B7-4F9DC89FB74B}"
EndProject
Project("{FAE04EC0-301F-11D3-BF4B-00C04F79EFBC}") = "第四章 页眉页脚、章节、区域和绘图对象", "第四章 页眉页脚、章节、区域和绘图对象\第四章 页眉页脚、章节、区域和绘图对象.csproj", "{BD722086-6B26-43FE-BD13-AED4A0743A97}"
EndProject
Project("{FAE04EC0-301F-11D3-BF4B-00C04F79EFBC}") = "第五章 表格", "第五章 表格\第五章 表格.csproj", "{DF44BD39-C96C-45E3-AE51-145A9DE97BF8}"
EndProject
Project("{FAE04EC0-301F-11D3-BF4B-00C04F79EFBC}") = "第六章 图片", "第六章 图片\第六章 图片.csproj", "{02A5AB8C-5128-40ED-AD27-9A48D952A325}"
EndProject
Project("{FAE04EC0-301F-11D3-BF4B-00C04F79EFBC}") = "第十章图像和文本的绝对位置", "第十章图像和文本的绝对位置\第十章图像和文本的绝对位置.csproj", "{C34602B7-AB7F-4FF2-A5AC-DF515E1E7600}"
EndProject
Project("{FAE04EC0-301F-11D3-BF4B-00C04F79EFBC}") = "页眉页脚", "页眉页脚\页眉页脚.csproj", "{E6752AAB-03CB-46B2-9B15-D9EAD2F0F728}"
EndProject
Global
	GlobalSection(SolutionConfigurationPlatforms) = preSolution
		Debug|Any CPU = Debug|Any CPU
		Release|Any CPU = Release|Any CPU
	EndGlobalSection
	GlobalSection(ProjectConfigurationPlatforms) = postSolution
		{B7C3871D-9BF7-4B60-AE5A-C08F998D95AD}.Debug|Any CPU.ActiveCfg = Debug|Any CPU
		{B7C3871D-9BF7-4B60-AE5A-C08F998D95AD}.Debug|Any CPU.Build.0 = Debug|Any CPU
		{B7C3871D-9BF7-4B60-AE5A-C08F998D95AD}.Release|Any CPU.ActiveCfg = Release|Any CPU
		{B7C3871D-9BF7-4B60-AE5A-C08F998D95AD}.Release|Any CPU.Build.0 = Release|Any CPU
		{86C48B64-376B-421E-8286-DC56BF1BF429}.Debug|Any CPU.ActiveCfg = Debug|Any CPU
		{86C48B64-376B-421E-8286-DC56BF1BF429}.Debug|Any CPU.Build.0 = Debug|Any CPU
		{86C48B64-376B-421E-8286-DC56BF1BF429}.Release|Any CPU.ActiveCfg = Release|Any CPU
		{86C48B64-376B-421E-8286-DC56BF1BF429}.Release|Any CPU.Build.0 = Release|Any CPU
		{00B65325-AEB8-4A91-B3B7-4F9DC89FB74B}.Debug|Any CPU.ActiveCfg = Debug|Any CPU
		{00B65325-AEB8-4A91-B3B7-4F9DC89FB74B}.Debug|Any CPU.Build.0 = Debug|Any CPU
		{00B65325-AEB8-4A91-B3B7-4F9DC89FB74B}.Release|Any CPU.ActiveCfg = Release|Any CPU
		{00B65325-AEB8-4A91-B3B7-4F9DC89FB74B}.Release|Any CPU.Build.0 = Release|Any CPU
		{BD722086-6B26-43FE-BD13-AED4A0743A97}.Debug|Any CPU.ActiveCfg = Debug|Any CPU
		{BD722086-6B26-43FE-BD13-AED4A0743A97}.Debug|Any CPU.Build.0 = Debug|Any CPU
		{BD722086-6B26-43FE-BD13-AED4A0743A97}.Release|Any CPU.ActiveCfg = Release|Any CPU
		{BD722086-6B26-43FE-BD13-AED4A0743A97}.Release|Any CPU.Build.0 = Release|Any CPU
		{DF44BD39-C96C-45E3-AE51-145A9DE97BF8}.Debug|Any CPU.ActiveCfg = Debug|Any CPU
		{DF44BD39-C96C-45E3-AE51-145A9DE97BF8}.Debug|Any CPU.Build.0 = Debug|Any CPU
		{DF44BD39-C96C-45E3-AE51-145A9DE97BF8}.Release|Any CPU.ActiveCfg = Release|Any CPU
		{DF44BD39-C96C-45E3-AE51-145A9DE97BF8}.Release|Any CPU.Build.0 = Release|Any CPU
		{02A5AB8C-5128-40ED-AD27-9A48D952A325}.Debug|Any CPU.ActiveCfg = Debug|Any CPU
		{02A5AB8C-5128-40ED-AD27-9A48D952A325}.Debug|Any CPU.Build.0 = Debug|Any CPU
		{02A5AB8C-5128-40ED-AD27-9A48D952A325}.Release|Any CPU.ActiveCfg = Release|Any CPU
		{02A5AB8C-5128-40ED-AD27-9A48D952A325}.Release|Any CPU.Build.0 = Release|Any CPU
		{C34602B7-AB7F-4FF2-A5AC-DF515E1E7600}.Debug|Any CPU.ActiveCfg = Debug|Any CPU
		{C34602B7-AB7F-4FF2-A5AC-DF515E1E7600}.Debug|Any CPU.Build.0 = Debug|Any CPU
		{C34602B7-AB7F-4FF2-A5AC-DF515E1E7600}.Release|Any CPU.ActiveCfg = Release|Any CPU
		{C34602B7-AB7F-4FF2-A5AC-DF515E1E7600}.Release|Any CPU.Build.0 = Release|Any CPU
		{E6752AAB-03CB-46B2-9B15-D9EAD2F0F728}.Debug|Any CPU.ActiveCfg = Debug|Any CPU
		{E6752AAB-03CB-46B2-9B15-D9EAD2F0F728}.Debug|Any CPU.Build.0 = Debug|Any CPU
		{E6752AAB-03CB-46B2-9B15-D9EAD2F0F728}.Release|Any CPU.ActiveCfg = Release|Any CPU
		{E6752AAB-03CB-46B2-9B15-D9EAD2F0F728}.Release|Any CPU.Build.0 = Release|Any CPU
	EndGlobalSection
	GlobalSection(SolutionProperties) = preSolution
		HideSolutionNode = FALSE
	EndGlobalSection
	GlobalSection(ExtensibilityGlobals) = postSolution
		SolutionGuid = {4F489943-881B-414D-803F-4948A83F72B6}
	EndGlobalSection
EndGlobal
